
Microsoft Visual Studio Solution File, Format Version 12.00
# Visual Studio Version 17
VisualStudioVersion = 17.9.34728.123
MinimumVisualStudioVersion = 10.0.40219.1
Project("{FAE04EC0-301F-11D3-BF4B-00C04F79EFBC}") = "triangle", "triangle.csproj", "{B640BDFC-2605-4662-A4AD-4A78FB5D24DA}"
EndProject
Project("{FAE04EC0-301F-11D3-BF4B-00C04F79EFBC}") = "UnitTestProject1", "..\UnitTestProject1\UnitTestProject1.csproj", "{E89A534F-D46C-45B4-8E07-DEBF0DC93A7A}"
EndProject
Global
	GlobalSection(SolutionConfigurationPlatforms) = preSolution
		Debug|Any CPU = Debug|Any CPU
		Release|Any CPU = Release|Any CPU
	EndGlobalSection
	GlobalSection(ProjectConfigurationPlatforms) = postSolution
		{B640BDFC-2605-4662-A4AD-4A78FB5D24DA}.Debug|Any CPU.ActiveCfg = Debug|Any CPU
		{B640BDFC-2605-4662-A4AD-4A78FB5D24DA}.Debug|Any CPU.Build.0 = Debug|Any CPU
		{B640BDFC-2605-4662-A4AD-4A78FB5D24DA}.Release|Any CPU.ActiveCfg = Release|Any CPU
		{B640BDFC-2605-4662-A4AD-4A78FB5D24DA}.Release|Any CPU.Build.0 = Release|Any CPU
		{E89A534F-D46C-45B4-8E07-DEBF0DC93A7A}.Debug|Any CPU.ActiveCfg = Debug|Any CPU
		{E89A534F-D46C-45B4-8E07-DEBF0DC93A7A}.Debug|Any CPU.Build.0 = Debug|Any CPU
		{E89A534F-D46C-45B4-8E07-DEBF0DC93A7A}.Release|Any CPU.ActiveCfg = Release|Any CPU
		{E89A534F-D46C-45B4-8E07-DEBF0DC93A7A}.Release|Any CPU.Build.0 = Release|Any CPU
	EndGlobalSection
	GlobalSection(SolutionProperties) = preSolution
		HideSolutionNode = FALSE
	EndGlobalSection
	GlobalSection(ExtensibilityGlobals) = postSolution
		SolutionGuid = {196C7231-DFC2-415F-B99F-A9DAD0348FC0}
	EndGlobalSection
EndGlobal
